<?xml version="1.0" encoding="utf-8"?>
<Project ToolsVersion="4.0" xmlns="http://schemas.microsoft.com/developer/msbuild/2003">
  <ItemGroup>
    <Filter Include="Source Files">
      <UniqueIdentifier>{4FC737F1-C7A5-4376-A066-2A32D752A2FF}</UniqueIdentifier>
      <Extensions>cpp;c;cc;cxx;c++;cppm;ixx;def;odl;idl;hpj;bat;asm;asmx</Extensions>
    </Filter>
    <Filter Include="Header Files">
      <UniqueIdentifier>{93995380-89BD-4b04-88EB-625FBE52EBFB}</UniqueIdentifier>
      <Extensions>h;hh;hpp;hxx;h++;hm;inl;inc;ipp;xsd</Extensions>
    </Filter>
    <Filter Include="Resource Files">
      <UniqueIdentifier>{67DA6AB6-F800-4c08-8B7A-83BB121AAD01}</UniqueIdentifier>
      <Extensions>rc;ico;cur;bmp;dlg;rc2;rct;bin;rgs;gif;jpg;jpeg;jpe;resx;tiff;tif;png;wav;mfcribbon-ms</Extensions>
    </Filter>
    <Filter Include="Source Files\10-1">
      <UniqueIdentifier>{7249fbc5-0fcc-4a28-b3a1-14d4bf95dfe5}</UniqueIdentifier>
    </Filter>
    <Filter Include="Source Files\10-2">
      <UniqueIdentifier>{648f04b8-a63a-4b08-8513-3fa85d886674}</UniqueIdentifier>
    </Filter>
    <Filter Include="Source Files\10-3">
      <UniqueIdentifier>{d7720282-7dac-4938-a7da-be946cf9f809}</UniqueIdentifier>
    </Filter>
  </ItemGroup>
  <ItemGroup>
    <ClCompile Include="Example10.1_1.cpp">
      <Filter>Source Files\10-1</Filter>
    </ClCompile>
    <ClCompile Include="Example10.1_3.cpp">
      <Filter>Source Files\10-1</Filter>
    </ClCompile>
    <ClCompile Include="Example10.1_4.cpp">
      <Filter>Source Files\10-1</Filter>
    </ClCompile>
    <ClCompile Include="Example10.1_6.cpp">
      <Filter>Source Files\10-1</Filter>
    </ClCompile>
    <ClCompile Include="Example10.2_19.cpp">
      <Filter>Source Files\10-2</Filter>
    </ClCompile>
    <ClCompile Include="Example10.2_20.cpp">
      <Filter>Source Files\10-2</Filter>
    </ClCompile>
    <ClCompile Include="Example10.2_22.cpp">
      <Filter>Source Files\10-2</Filter>
    </ClCompile>
    <ClCompile Include="Example10.2_23.cpp">
      <Filter>Source Files\10-2</Filter>
    </ClCompile>
    <ClCompile Include="Example10.2_24.cpp">
      <Filter>Source Files\10-2</Filter>
    </ClCompile>
    <ClCompile Include="Example10.3_26.cpp">
      <Filter>Source Files\10-3</Filter>
    </ClCompile>
  </ItemGroup>
  <ItemGroup>
    <ClInclude Include="Cutstom.h">
      <Filter>Source Files\10-3</Filter>
    </ClInclude>
  </ItemGroup>
</Project>