<?xml version="1.0" encoding="utf-8"?>
<Project ToolsVersion="4.0" xmlns="http://schemas.microsoft.com/developer/msbuild/2003">
  <ItemGroup>
    <Filter Include="Source Files">
      <UniqueIdentifier>{4FC737F1-C7A5-4376-A066-2A32D752A2FF}</UniqueIdentifier>
      <Extensions>cpp;c;cc;cxx;c++;cppm;ixx;def;odl;idl;hpj;bat;asm;asmx</Extensions>
    </Filter>
    <Filter Include="Header Files">
      <UniqueIdentifier>{93995380-89BD-4b04-88EB-625FBE52EBFB}</UniqueIdentifier>
      <Extensions>h;hh;hpp;hxx;h++;hm;inl;inc;ipp;xsd</Extensions>
    </Filter>
    <Filter Include="Resource Files">
      <UniqueIdentifier>{67DA6AB6-F800-4c08-8B7A-83BB121AAD01}</UniqueIdentifier>
      <Extensions>rc;ico;cur;bmp;dlg;rc2;rct;bin;rgs;gif;jpg;jpeg;jpe;resx;tiff;tif;png;wav;mfcribbon-ms</Extensions>
    </Filter>
    <Filter Include="Source Files\6.1">
      <UniqueIdentifier>{87211c76-324e-4b71-ab34-47f98082b3cf}</UniqueIdentifier>
    </Filter>
    <Filter Include="Source Files\6.2">
      <UniqueIdentifier>{5025ef8c-edd4-45f3-b23d-f0c0d0ff4555}</UniqueIdentifier>
    </Filter>
    <Filter Include="Source Files\6.3">
      <UniqueIdentifier>{28ee8d47-5503-46b1-ab69-58a95d29dadd}</UniqueIdentifier>
    </Filter>
  </ItemGroup>
  <ItemGroup>
    <ClCompile Include="Example6.1_1.cpp">
      <Filter>Source Files\6.1</Filter>
    </ClCompile>
    <ClCompile Include="Example6.2_1.cpp">
      <Filter>Source Files\6.2</Filter>
    </ClCompile>
    <ClCompile Include="Example6.2_3.cpp">
      <Filter>Source Files\6.2</Filter>
    </ClCompile>
    <ClCompile Include="Example6.2_4.cpp">
      <Filter>Source Files\6.2</Filter>
    </ClCompile>
    <ClCompile Include="Example6.2_5.cpp">
      <Filter>Source Files\6.2</Filter>
    </ClCompile>
    <ClCompile Include="Example6.2_6.cpp">
      <Filter>Source Files\6.2</Filter>
    </ClCompile>
    <ClCompile Include="Example6.1_2.cpp">
      <Filter>Source Files\6.1</Filter>
    </ClCompile>
    <ClCompile Include="Example6.2_7.cpp">
      <Filter>Source Files\6.2</Filter>
    </ClCompile>
    <ClCompile Include="Example6.2_8.cpp">
      <Filter>Source Files\6.2</Filter>
    </ClCompile>
    <ClCompile Include="Example6.2_9.cpp">
      <Filter>Source Files\6.2</Filter>
    </ClCompile>
    <ClCompile Include="Example6.2_10.cpp">
      <Filter>Source Files\6.2</Filter>
    </ClCompile>
  </ItemGroup>
</Project>