
Microsoft Visual Studio Solution File, Format Version 12.00
# Visual Studio Version 17
VisualStudioVersion = 17.5.33424.131
MinimumVisualStudioVersion = 10.0.40219.1
Project("{8BC9CEB8-8B4A-11D0-8D11-00A0C91BC942}") = "9References.Pointers2", "9References.Pointers2.vcxproj", "{60BA62E1-2DB0-4165-8785-E3741B7F243B}"
EndProject
Global
	GlobalSection(SolutionConfigurationPlatforms) = preSolution
		Debug|x64 = Debug|x64
		Debug|x86 = Debug|x86
		Release|x64 = Release|x64
		Release|x86 = Release|x86
	EndGlobalSection
	GlobalSection(ProjectConfigurationPlatforms) = postSolution
		{60BA62E1-2DB0-4165-8785-E3741B7F243B}.Debug|x64.ActiveCfg = Debug|x64
		{60BA62E1-2DB0-4165-8785-E3741B7F243B}.Debug|x64.Build.0 = Debug|x64
		{60BA62E1-2DB0-4165-8785-E3741B7F243B}.Debug|x86.ActiveCfg = Debug|Win32
		{60BA62E1-2DB0-4165-8785-E3741B7F243B}.Debug|x86.Build.0 = Debug|Win32
		{60BA62E1-2DB0-4165-8785-E3741B7F243B}.Release|x64.ActiveCfg = Release|x64
		{60BA62E1-2DB0-4165-8785-E3741B7F243B}.Release|x64.Build.0 = Release|x64
		{60BA62E1-2DB0-4165-8785-E3741B7F243B}.Release|x86.ActiveCfg = Release|Win32
		{60BA62E1-2DB0-4165-8785-E3741B7F243B}.Release|x86.Build.0 = Release|Win32
	EndGlobalSection
	GlobalSection(SolutionProperties) = preSolution
		HideSolutionNode = FALSE
	EndGlobalSection
	GlobalSection(ExtensibilityGlobals) = postSolution
		SolutionGuid = {07923D7E-DA8F-4700-A661-80E00E318A13}
	EndGlobalSection
EndGlobal
